
Microsoft Visual Studio Solution File, Format Version 12.00
# Visual Studio Version 17
VisualStudioVersion = 17.9.34616.47
MinimumVisualStudioVersion = 10.0.40219.1
Project("{8BC9CEB8-8B4A-11D0-8D11-00A0C91BC942}") = "activitystruct_0046", "activitystruct_0046\activitystruct_0046.vcxproj", "{702EE766-6897-47E3-9947-D6B6E82E8045}"
EndProject
Project("{8BC9CEB8-8B4A-11D0-8D11-00A0C91BC942}") = "activitystruct2_0046", "activitystruct2_0046\activitystruct2_0046.vcxproj", "{D4F980FD-A081-4035-B242-D1037DB6D6D2}"
EndProject
Project("{8BC9CEB8-8B4A-11D0-8D11-00A0C91BC942}") = "activitystruct3_0046", "activitystruct3_0046\activitystruct3_0046.vcxproj", "{FE2357A6-7238-4765-A11F-1EEB2E73181F}"
EndProject
Project("{8BC9CEB8-8B4A-11D0-8D11-00A0C91BC942}") = "activitystruct4_0046", "activitystruct4_0046\activitystruct4_0046.vcxproj", "{F8AB0687-CDC2-4C3F-81EF-B0F5253AF400}"
EndProject
Global
	GlobalSection(SolutionConfigurationPlatforms) = preSolution
		Debug|x64 = Debug|x64
		Debug|x86 = Debug|x86
		Release|x64 = Release|x64
		Release|x86 = Release|x86
	EndGlobalSection
	GlobalSection(ProjectConfigurationPlatforms) = postSolution
		{702EE766-6897-47E3-9947-D6B6E82E8045}.Debug|x64.ActiveCfg = Debug|x64
		{702EE766-6897-47E3-9947-D6B6E82E8045}.Debug|x64.Build.0 = Debug|x64
		{702EE766-6897-47E3-9947-D6B6E82E8045}.Debug|x86.ActiveCfg = Debug|Win32
		{702EE766-6897-47E3-9947-D6B6E82E8045}.Debug|x86.Build.0 = Debug|Win32
		{702EE766-6897-47E3-9947-D6B6E82E8045}.Release|x64.ActiveCfg = Release|x64
		{702EE766-6897-47E3-9947-D6B6E82E8045}.Release|x64.Build.0 = Release|x64
		{702EE766-6897-47E3-9947-D6B6E82E8045}.Release|x86.ActiveCfg = Release|Win32
		{702EE766-6897-47E3-9947-D6B6E82E8045}.Release|x86.Build.0 = Release|Win32
		{D4F980FD-A081-4035-B242-D1037DB6D6D2}.Debug|x64.ActiveCfg = Debug|x64
		{D4F980FD-A081-4035-B242-D1037DB6D6D2}.Debug|x64.Build.0 = Debug|x64
		{D4F980FD-A081-4035-B242-D1037DB6D6D2}.Debug|x86.ActiveCfg = Debug|Win32
		{D4F980FD-A081-4035-B242-D1037DB6D6D2}.Debug|x86.Build.0 = Debug|Win32
		{D4F980FD-A081-4035-B242-D1037DB6D6D2}.Release|x64.ActiveCfg = Release|x64
		{D4F980FD-A081-4035-B242-D1037DB6D6D2}.Release|x64.Build.0 = Release|x64
		{D4F980FD-A081-4035-B242-D1037DB6D6D2}.Release|x86.ActiveCfg = Release|Win32
		{D4F980FD-A081-4035-B242-D1037DB6D6D2}.Release|x86.Build.0 = Release|Win32
		{FE2357A6-7238-4765-A11F-1EEB2E73181F}.Debug|x64.ActiveCfg = Debug|x64
		{FE2357A6-7238-4765-A11F-1EEB2E73181F}.Debug|x64.Build.0 = Debug|x64
		{FE2357A6-7238-4765-A11F-1EEB2E73181F}.Debug|x86.ActiveCfg = Debug|Win32
		{FE2357A6-7238-4765-A11F-1EEB2E73181F}.Debug|x86.Build.0 = Debug|Win32
		{FE2357A6-7238-4765-A11F-1EEB2E73181F}.Release|x64.ActiveCfg = Release|x64
		{FE2357A6-7238-4765-A11F-1EEB2E73181F}.Release|x64.Build.0 = Release|x64
		{FE2357A6-7238-4765-A11F-1EEB2E73181F}.Release|x86.ActiveCfg = Release|Win32
		{FE2357A6-7238-4765-A11F-1EEB2E73181F}.Release|x86.Build.0 = Release|Win32
		{F8AB0687-CDC2-4C3F-81EF-B0F5253AF400}.Debug|x64.ActiveCfg = Debug|x64
		{F8AB0687-CDC2-4C3F-81EF-B0F5253AF400}.Debug|x64.Build.0 = Debug|x64
		{F8AB0687-CDC2-4C3F-81EF-B0F5253AF400}.Debug|x86.ActiveCfg = Debug|Win32
		{F8AB0687-CDC2-4C3F-81EF-B0F5253AF400}.Debug|x86.Build.0 = Debug|Win32
		{F8AB0687-CDC2-4C3F-81EF-B0F5253AF400}.Release|x64.ActiveCfg = Release|x64
		{F8AB0687-CDC2-4C3F-81EF-B0F5253AF400}.Release|x64.Build.0 = Release|x64
		{F8AB0687-CDC2-4C3F-81EF-B0F5253AF400}.Release|x86.ActiveCfg = Release|Win32
		{F8AB0687-CDC2-4C3F-81EF-B0F5253AF400}.Release|x86.Build.0 = Release|Win32
	EndGlobalSection
	GlobalSection(SolutionProperties) = preSolution
		HideSolutionNode = FALSE
	EndGlobalSection
	GlobalSection(ExtensibilityGlobals) = postSolution
		SolutionGuid = {FBB2D90E-32CD-43C3-836C-7A0F1B16F8E5}
	EndGlobalSection
EndGlobal
